
Microsoft Visual Studio Solution File, Format Version 12.00
# Visual Studio Version 17
VisualStudioVersion = 17.8.34408.163
MinimumVisualStudioVersion = 10.0.40219.1
Project("{8BC9CEB8-8B4A-11D0-8D11-00A0C91BC942}") = "FileDisplayer", "FileDisplayer.vcxproj", "{68CA8434-3167-4A9B-BF3F-3A38CCDCE737}"
EndProject
Global
	GlobalSection(SolutionConfigurationPlatforms) = preSolution
		Debug|x64 = Debug|x64
		Debug|x86 = Debug|x86
		Release|x64 = Release|x64
		Release|x86 = Release|x86
	EndGlobalSection
	GlobalSection(ProjectConfigurationPlatforms) = postSolution
		{68CA8434-3167-4A9B-BF3F-3A38CCDCE737}.Debug|x64.ActiveCfg = Debug|x64
		{68CA8434-3167-4A9B-BF3F-3A38CCDCE737}.Debug|x64.Build.0 = Debug|x64
		{68CA8434-3167-4A9B-BF3F-3A38CCDCE737}.Debug|x86.ActiveCfg = Debug|Win32
		{68CA8434-3167-4A9B-BF3F-3A38CCDCE737}.Debug|x86.Build.0 = Debug|Win32
		{68CA8434-3167-4A9B-BF3F-3A38CCDCE737}.Release|x64.ActiveCfg = Release|x64
		{68CA8434-3167-4A9B-BF3F-3A38CCDCE737}.Release|x64.Build.0 = Release|x64
		{68CA8434-3167-4A9B-BF3F-3A38CCDCE737}.Release|x86.ActiveCfg = Release|Win32
		{68CA8434-3167-4A9B-BF3F-3A38CCDCE737}.Release|x86.Build.0 = Release|Win32
	EndGlobalSection
	GlobalSection(SolutionProperties) = preSolution
		HideSolutionNode = FALSE
	EndGlobalSection
	GlobalSection(ExtensibilityGlobals) = postSolution
		SolutionGuid = {45766D9A-BBFB-4717-8A7D-DC5DF89D5537}
	EndGlobalSection
EndGlobal
